Microsoft Visual Studio Solution File, Format Version 12.00
# Visual Studio 2012
Project("{FAE04EC0-301F-11D3-BF4B-00C04F79EFBC}") = "wellspring2", "wellspring2.csproj", "{B621373F-4E37-4FCA-B226-818DF456C7B6}"
EndProject
Global
	GlobalSection(SolutionConfigurationPlatforms) = preSolution
	Debug|Any CPU = Debug|Any CPU
	Release|Any CPU = Release|Any CPU
	Tools|Any CPU = Tools|Any CPU
	EndGlobalSection
	GlobalSection(ProjectConfigurationPlatforms) = postSolution
		{B621373F-4E37-4FCA-B226-818DF456C7B6}.Debug|Any CPU.ActiveCfg = Debug|Any CPU
		{B621373F-4E37-4FCA-B226-818DF456C7B6}.Debug|Any CPU.Build.0 = Debug|Any CPU
		{B621373F-4E37-4FCA-B226-818DF456C7B6}.Release|Any CPU.ActiveCfg = Release|Any CPU
		{B621373F-4E37-4FCA-B226-818DF456C7B6}.Release|Any CPU.Build.0 = Release|Any CPU
		{B621373F-4E37-4FCA-B226-818DF456C7B6}.Tools|Any CPU.ActiveCfg = Tools|Any CPU
		{B621373F-4E37-4FCA-B226-818DF456C7B6}.Tools|Any CPU.Build.0 = Tools|Any CPU
	EndGlobalSection
EndGlobal
